
Microsoft Visual Studio Solution File, Format Version 12.00
# Visual Studio 15
VisualStudioVersion = 15.0.26430.12
MinimumVisualStudioVersion = 10.0.40219.1
Project("{FAE04EC0-301F-11D3-BF4B-00C04F79EFBC}") = "MarkupHelper", "MarkupHelper\MarkupHelper.csproj", "{737F577C-252C-4C68-B8AA-38CA81BF2F46}"
EndProject
Project("{FAE04EC0-301F-11D3-BF4B-00C04F79EFBC}") = "MarkupHelper.Common", "MarkupHelper.Common\MarkupHelper.Common.csproj", "{8200D963-DEC3-47FF-A54E-C4A05AC36705}"
EndProject
Project("{FAE04EC0-301F-11D3-BF4B-00C04F79EFBC}") = "MarkupHelper.Service", "MarkupHelper.Service\MarkupHelper.Service.csproj", "{C971681E-B2DF-4B32-ABEE-2555B8060DA9}"
EndProject
Project("{FAE04EC0-301F-11D3-BF4B-00C04F79EFBC}") = "MarkupHelper.UnitTest", "MarkupHelper.UnitTest\MarkupHelper.UnitTest.csproj", "{B89716F9-89D0-450B-868F-4D7C486C6402}"
EndProject
Global
	GlobalSection(SolutionConfigurationPlatforms) = preSolution
		Debug|Any CPU = Debug|Any CPU
		Release|Any CPU = Release|Any CPU
	EndGlobalSection
	GlobalSection(ProjectConfigurationPlatforms) = postSolution
		{737F577C-252C-4C68-B8AA-38CA81BF2F46}.Debug|Any CPU.ActiveCfg = Debug|Any CPU
		{737F577C-252C-4C68-B8AA-38CA81BF2F46}.Debug|Any CPU.Build.0 = Debug|Any CPU
		{737F577C-252C-4C68-B8AA-38CA81BF2F46}.Release|Any CPU.ActiveCfg = Release|Any CPU
		{737F577C-252C-4C68-B8AA-38CA81BF2F46}.Release|Any CPU.Build.0 = Release|Any CPU
		{8200D963-DEC3-47FF-A54E-C4A05AC36705}.Debug|Any CPU.ActiveCfg = Debug|Any CPU
		{8200D963-DEC3-47FF-A54E-C4A05AC36705}.Debug|Any CPU.Build.0 = Debug|Any CPU
		{8200D963-DEC3-47FF-A54E-C4A05AC36705}.Release|Any CPU.ActiveCfg = Release|Any CPU
		{8200D963-DEC3-47FF-A54E-C4A05AC36705}.Release|Any CPU.Build.0 = Release|Any CPU
		{C971681E-B2DF-4B32-ABEE-2555B8060DA9}.Debug|Any CPU.ActiveCfg = Debug|Any CPU
		{C971681E-B2DF-4B32-ABEE-2555B8060DA9}.Debug|Any CPU.Build.0 = Debug|Any CPU
		{C971681E-B2DF-4B32-ABEE-2555B8060DA9}.Release|Any CPU.ActiveCfg = Release|Any CPU
		{C971681E-B2DF-4B32-ABEE-2555B8060DA9}.Release|Any CPU.Build.0 = Release|Any CPU
		{B89716F9-89D0-450B-868F-4D7C486C6402}.Debug|Any CPU.ActiveCfg = Debug|Any CPU
		{B89716F9-89D0-450B-868F-4D7C486C6402}.Debug|Any CPU.Build.0 = Debug|Any CPU
		{B89716F9-89D0-450B-868F-4D7C486C6402}.Release|Any CPU.ActiveCfg = Release|Any CPU
		{B89716F9-89D0-450B-868F-4D7C486C6402}.Release|Any CPU.Build.0 = Release|Any CPU
	EndGlobalSection
	GlobalSection(SolutionProperties) = preSolution
		HideSolutionNode = FALSE
	EndGlobalSection
EndGlobal
